
Microsoft Visual Studio Solution File, Format Version 12.00
# Visual Studio 2012
Project("{FAE04EC0-301F-11D3-BF4B-00C04F79EFBC}") = "Xam.Plugin.Printing", "Xam.Plugin.Printing\Xam.Plugin.Printing.csproj", "{084D897B-B789-4651-B68B-E2E62B6AA750}"
EndProject
Project("{FAE04EC0-301F-11D3-BF4B-00C04F79EFBC}") = "Xam.Plugin.Printing.iOS", "Xam.Plugin.Printing.iOS\Xam.Plugin.Printing.iOS.csproj", "{A9202F0C-9F65-4CEA-857D-BEE1F276B664}"
EndProject
Project("{FAE04EC0-301F-11D3-BF4B-00C04F79EFBC}") = "Xam.Plugin.Printing.Droid", "Xam.Plugin.Printing.Droid\Xam.Plugin.Printing.Droid.csproj", "{E51A517D-3FEC-4928-996D-2E69396AE535}"
EndProject
Project("{2150E333-8FDC-42A3-9474-1A3956D46DE8}") = "Sample", "Sample", "{516C95D5-9B35-4F4B-A94C-3FFE2CA310AA}"
EndProject
Project("{FAE04EC0-301F-11D3-BF4B-00C04F79EFBC}") = "Printing", "Printing\Printing.csproj", "{1D6F55D2-CF29-43A1-8B8E-17E6C3017B97}"
EndProject
Project("{FAE04EC0-301F-11D3-BF4B-00C04F79EFBC}") = "Printing.iOS", "iOS\Printing.iOS.csproj", "{66FC11CF-8C4D-4509-99B3-6CF36A19C8BF}"
EndProject
Project("{FAE04EC0-301F-11D3-BF4B-00C04F79EFBC}") = "Printing.Droid", "Droid\Printing.Droid.csproj", "{61F0ED1B-712C-4C01-A96B-2581DF25ACF3}"
EndProject
Global
	GlobalSection(SolutionConfigurationPlatforms) = preSolution
		Debug|Any CPU = Debug|Any CPU
		Release|Any CPU = Release|Any CPU
		Debug|iPhoneSimulator = Debug|iPhoneSimulator
		Release|iPhone = Release|iPhone
		Release|iPhoneSimulator = Release|iPhoneSimulator
		Debug|iPhone = Debug|iPhone
	EndGlobalSection
	GlobalSection(ProjectConfigurationPlatforms) = postSolution
		{084D897B-B789-4651-B68B-E2E62B6AA750}.Debug|Any CPU.ActiveCfg = Debug|Any CPU
		{084D897B-B789-4651-B68B-E2E62B6AA750}.Debug|Any CPU.Build.0 = Debug|Any CPU
		{084D897B-B789-4651-B68B-E2E62B6AA750}.Debug|iPhone.ActiveCfg = Debug|Any CPU
		{084D897B-B789-4651-B68B-E2E62B6AA750}.Debug|iPhone.Build.0 = Debug|Any CPU
		{084D897B-B789-4651-B68B-E2E62B6AA750}.Debug|iPhoneSimulator.ActiveCfg = Debug|Any CPU
		{084D897B-B789-4651-B68B-E2E62B6AA750}.Debug|iPhoneSimulator.Build.0 = Debug|Any CPU
		{084D897B-B789-4651-B68B-E2E62B6AA750}.Release|Any CPU.ActiveCfg = Release|Any CPU
		{084D897B-B789-4651-B68B-E2E62B6AA750}.Release|Any CPU.Build.0 = Release|Any CPU
		{084D897B-B789-4651-B68B-E2E62B6AA750}.Release|iPhone.ActiveCfg = Release|Any CPU
		{084D897B-B789-4651-B68B-E2E62B6AA750}.Release|iPhone.Build.0 = Release|Any CPU
		{084D897B-B789-4651-B68B-E2E62B6AA750}.Release|iPhoneSimulator.ActiveCfg = Release|Any CPU
		{084D897B-B789-4651-B68B-E2E62B6AA750}.Release|iPhoneSimulator.Build.0 = Release|Any CPU
		{1D6F55D2-CF29-43A1-8B8E-17E6C3017B97}.Debug|Any CPU.ActiveCfg = Debug|Any CPU
		{1D6F55D2-CF29-43A1-8B8E-17E6C3017B97}.Debug|Any CPU.Build.0 = Debug|Any CPU
		{1D6F55D2-CF29-43A1-8B8E-17E6C3017B97}.Debug|iPhone.ActiveCfg = Debug|Any CPU
		{1D6F55D2-CF29-43A1-8B8E-17E6C3017B97}.Debug|iPhone.Build.0 = Debug|Any CPU
		{1D6F55D2-CF29-43A1-8B8E-17E6C3017B97}.Debug|iPhoneSimulator.ActiveCfg = Debug|Any CPU
		{1D6F55D2-CF29-43A1-8B8E-17E6C3017B97}.Debug|iPhoneSimulator.Build.0 = Debug|Any CPU
		{1D6F55D2-CF29-43A1-8B8E-17E6C3017B97}.Release|Any CPU.ActiveCfg = Release|Any CPU
		{1D6F55D2-CF29-43A1-8B8E-17E6C3017B97}.Release|Any CPU.Build.0 = Release|Any CPU
		{1D6F55D2-CF29-43A1-8B8E-17E6C3017B97}.Release|iPhone.ActiveCfg = Release|Any CPU
		{1D6F55D2-CF29-43A1-8B8E-17E6C3017B97}.Release|iPhone.Build.0 = Release|Any CPU
		{1D6F55D2-CF29-43A1-8B8E-17E6C3017B97}.Release|iPhoneSimulator.ActiveCfg = Release|Any CPU
		{1D6F55D2-CF29-43A1-8B8E-17E6C3017B97}.Release|iPhoneSimulator.Build.0 = Release|Any CPU
		{61F0ED1B-712C-4C01-A96B-2581DF25ACF3}.Debug|Any CPU.ActiveCfg = Debug|Any CPU
		{61F0ED1B-712C-4C01-A96B-2581DF25ACF3}.Debug|Any CPU.Build.0 = Debug|Any CPU
		{61F0ED1B-712C-4C01-A96B-2581DF25ACF3}.Debug|iPhone.ActiveCfg = Debug|Any CPU
		{61F0ED1B-712C-4C01-A96B-2581DF25ACF3}.Debug|iPhone.Build.0 = Debug|Any CPU
		{61F0ED1B-712C-4C01-A96B-2581DF25ACF3}.Debug|iPhoneSimulator.ActiveCfg = Debug|Any CPU
		{61F0ED1B-712C-4C01-A96B-2581DF25ACF3}.Debug|iPhoneSimulator.Build.0 = Debug|Any CPU
		{61F0ED1B-712C-4C01-A96B-2581DF25ACF3}.Release|Any CPU.ActiveCfg = Release|Any CPU
		{61F0ED1B-712C-4C01-A96B-2581DF25ACF3}.Release|Any CPU.Build.0 = Release|Any CPU
		{61F0ED1B-712C-4C01-A96B-2581DF25ACF3}.Release|iPhone.ActiveCfg = Release|Any CPU
		{61F0ED1B-712C-4C01-A96B-2581DF25ACF3}.Release|iPhone.Build.0 = Release|Any CPU
		{61F0ED1B-712C-4C01-A96B-2581DF25ACF3}.Release|iPhoneSimulator.ActiveCfg = Release|Any CPU
		{61F0ED1B-712C-4C01-A96B-2581DF25ACF3}.Release|iPhoneSimulator.Build.0 = Release|Any CPU
		{66FC11CF-8C4D-4509-99B3-6CF36A19C8BF}.Debug|Any CPU.ActiveCfg = Debug|iPhoneSimulator
		{66FC11CF-8C4D-4509-99B3-6CF36A19C8BF}.Debug|Any CPU.Build.0 = Debug|iPhoneSimulator
		{66FC11CF-8C4D-4509-99B3-6CF36A19C8BF}.Debug|iPhone.ActiveCfg = Debug|iPhone
		{66FC11CF-8C4D-4509-99B3-6CF36A19C8BF}.Debug|iPhone.Build.0 = Debug|iPhone
		{66FC11CF-8C4D-4509-99B3-6CF36A19C8BF}.Debug|iPhoneSimulator.ActiveCfg = Debug|iPhoneSimulator
		{66FC11CF-8C4D-4509-99B3-6CF36A19C8BF}.Debug|iPhoneSimulator.Build.0 = Debug|iPhoneSimulator
		{66FC11CF-8C4D-4509-99B3-6CF36A19C8BF}.Release|Any CPU.ActiveCfg = Release|iPhone
		{66FC11CF-8C4D-4509-99B3-6CF36A19C8BF}.Release|Any CPU.Build.0 = Release|iPhone
		{66FC11CF-8C4D-4509-99B3-6CF36A19C8BF}.Release|iPhone.ActiveCfg = Release|iPhone
		{66FC11CF-8C4D-4509-99B3-6CF36A19C8BF}.Release|iPhone.Build.0 = Release|iPhone
		{66FC11CF-8C4D-4509-99B3-6CF36A19C8BF}.Release|iPhoneSimulator.ActiveCfg = Release|iPhoneSimulator
		{66FC11CF-8C4D-4509-99B3-6CF36A19C8BF}.Release|iPhoneSimulator.Build.0 = Release|iPhoneSimulator
		{A9202F0C-9F65-4CEA-857D-BEE1F276B664}.Debug|Any CPU.ActiveCfg = Debug|Any CPU
		{A9202F0C-9F65-4CEA-857D-BEE1F276B664}.Debug|Any CPU.Build.0 = Debug|Any CPU
		{A9202F0C-9F65-4CEA-857D-BEE1F276B664}.Debug|iPhone.ActiveCfg = Debug|Any CPU
		{A9202F0C-9F65-4CEA-857D-BEE1F276B664}.Debug|iPhone.Build.0 = Debug|Any CPU
		{A9202F0C-9F65-4CEA-857D-BEE1F276B664}.Debug|iPhoneSimulator.ActiveCfg = Debug|Any CPU
		{A9202F0C-9F65-4CEA-857D-BEE1F276B664}.Debug|iPhoneSimulator.Build.0 = Debug|Any CPU
		{A9202F0C-9F65-4CEA-857D-BEE1F276B664}.Release|Any CPU.ActiveCfg = Release|Any CPU
		{A9202F0C-9F65-4CEA-857D-BEE1F276B664}.Release|Any CPU.Build.0 = Release|Any CPU
		{A9202F0C-9F65-4CEA-857D-BEE1F276B664}.Release|iPhone.ActiveCfg = Release|Any CPU
		{A9202F0C-9F65-4CEA-857D-BEE1F276B664}.Release|iPhone.Build.0 = Release|Any CPU
		{A9202F0C-9F65-4CEA-857D-BEE1F276B664}.Release|iPhoneSimulator.ActiveCfg = Release|Any CPU
		{A9202F0C-9F65-4CEA-857D-BEE1F276B664}.Release|iPhoneSimulator.Build.0 = Release|Any CPU
		{E51A517D-3FEC-4928-996D-2E69396AE535}.Debug|Any CPU.ActiveCfg = Debug|Any CPU
		{E51A517D-3FEC-4928-996D-2E69396AE535}.Debug|Any CPU.Build.0 = Debug|Any CPU
		{E51A517D-3FEC-4928-996D-2E69396AE535}.Debug|iPhone.ActiveCfg = Debug|Any CPU
		{E51A517D-3FEC-4928-996D-2E69396AE535}.Debug|iPhone.Build.0 = Debug|Any CPU
		{E51A517D-3FEC-4928-996D-2E69396AE535}.Debug|iPhoneSimulator.ActiveCfg = Debug|Any CPU
		{E51A517D-3FEC-4928-996D-2E69396AE535}.Debug|iPhoneSimulator.Build.0 = Debug|Any CPU
		{E51A517D-3FEC-4928-996D-2E69396AE535}.Release|Any CPU.ActiveCfg = Release|Any CPU
		{E51A517D-3FEC-4928-996D-2E69396AE535}.Release|Any CPU.Build.0 = Release|Any CPU
		{E51A517D-3FEC-4928-996D-2E69396AE535}.Release|iPhone.ActiveCfg = Release|Any CPU
		{E51A517D-3FEC-4928-996D-2E69396AE535}.Release|iPhone.Build.0 = Release|Any CPU
		{E51A517D-3FEC-4928-996D-2E69396AE535}.Release|iPhoneSimulator.ActiveCfg = Release|Any CPU
		{E51A517D-3FEC-4928-996D-2E69396AE535}.Release|iPhoneSimulator.Build.0 = Release|Any CPU
	EndGlobalSection
	GlobalSection(NestedProjects) = preSolution
		{1D6F55D2-CF29-43A1-8B8E-17E6C3017B97} = {516C95D5-9B35-4F4B-A94C-3FFE2CA310AA}
		{66FC11CF-8C4D-4509-99B3-6CF36A19C8BF} = {516C95D5-9B35-4F4B-A94C-3FFE2CA310AA}
		{61F0ED1B-712C-4C01-A96B-2581DF25ACF3} = {516C95D5-9B35-4F4B-A94C-3FFE2CA310AA}
	EndGlobalSection
EndGlobal
